
Microsoft Visual Studio Solution File, Format Version 12.00
# Visual Studio Version 17
VisualStudioVersion = 17.11.35312.102
MinimumVisualStudioVersion = 10.0.40219.1
Project("{FAE04EC0-301F-11D3-BF4B-00C04F79EFBC}") = "Library-Task", "Library-Task.csproj", "{3D8811F5-A487-4F39-8C85-95E50E7B6124}"
EndProject
Global
	GlobalSection(SolutionConfigurationPlatforms) = preSolution
		Debug|Any CPU = Debug|Any CPU
		Release|Any CPU = Release|Any CPU
	EndGlobalSection
	GlobalSection(ProjectConfigurationPlatforms) = postSolution
		{3D8811F5-A487-4F39-8C85-95E50E7B6124}.Debug|Any CPU.ActiveCfg = Debug|Any CPU
		{3D8811F5-A487-4F39-8C85-95E50E7B6124}.Debug|Any CPU.Build.0 = Debug|Any CPU
		{3D8811F5-A487-4F39-8C85-95E50E7B6124}.Release|Any CPU.ActiveCfg = Release|Any CPU
		{3D8811F5-A487-4F39-8C85-95E50E7B6124}.Release|Any CPU.Build.0 = Release|Any CPU
	EndGlobalSection
	GlobalSection(SolutionProperties) = preSolution
		HideSolutionNode = FALSE
	EndGlobalSection
	GlobalSection(ExtensibilityGlobals) = postSolution
		SolutionGuid = {67DFECA2-1982-469D-98CE-08967460EABB}
	EndGlobalSection
EndGlobal
